
Microsoft Visual Studio Solution File, Format Version 12.00
# Visual Studio Version 16
VisualStudioVersion = 16.0.29215.179
MinimumVisualStudioVersion = 10.0.40219.1
Project("{8BC9CEB8-8B4A-11D0-8D11-00A0C91BC942}") = "myEngine", "01_OpenGL\01_OpenGL.vcxproj", "{E1B5C763-2ACE-4E67-A0EF-26CBCD482263}"
EndProject
Global
	GlobalSection(SolutionConfigurationPlatforms) = preSolution
		Debug|x64 = Debug|x64
		Release|x64 = Release|x64
	EndGlobalSection
	GlobalSection(ProjectConfigurationPlatforms) = postSolution
		{E1B5C763-2ACE-4E67-A0EF-26CBCD482263}.Debug|x64.ActiveCfg = Debug|x64
		{E1B5C763-2ACE-4E67-A0EF-26CBCD482263}.Debug|x64.Build.0 = Debug|x64
		{E1B5C763-2ACE-4E67-A0EF-26CBCD482263}.Release|x64.ActiveCfg = Release|x64
		{E1B5C763-2ACE-4E67-A0EF-26CBCD482263}.Release|x64.Build.0 = Release|x64
	EndGlobalSection
	GlobalSection(SolutionProperties) = preSolution
		HideSolutionNode = FALSE
	EndGlobalSection
	GlobalSection(ExtensibilityGlobals) = postSolution
		SolutionGuid = {0DB00FFD-A9C6-44F0-A3DB-96658333F652}
	EndGlobalSection
EndGlobal
